
Microsoft Visual Studio Solution File, Format Version 12.00
# Visual Studio 15
Project("{FAE04EC0-301F-11D3-BF4B-00C04F79EFBC}") = "CloudIEP.Web", "CloudIEP.Web\CloudIEP.Web.csproj", "{FBDCD469-B71B-49CE-AF60-264D90492B5B}"
EndProject
Global
	GlobalSection(SolutionConfigurationPlatforms) = preSolution
		Debug|Any CPU = Debug|Any CPU
		Release|Any CPU = Release|Any CPU
	EndGlobalSection
	GlobalSection(ProjectConfigurationPlatforms) = postSolution
		{FBDCD469-B71B-49CE-AF60-264D90492B5B}.Debug|Any CPU.ActiveCfg = Debug|Any CPU
		{FBDCD469-B71B-49CE-AF60-264D90492B5B}.Debug|Any CPU.Build.0 = Debug|Any CPU
		{FBDCD469-B71B-49CE-AF60-264D90492B5B}.Release|Any CPU.ActiveCfg = Release|Any CPU
		{FBDCD469-B71B-49CE-AF60-264D90492B5B}.Release|Any CPU.Build.0 = Release|Any CPU
	EndGlobalSection
EndGlobal
