
Microsoft Visual Studio Solution File, Format Version 12.00
# Visual Studio 15
Project("{FAE04EC0-301F-11D3-BF4B-00C04F79EFBC}") = "CloudIEP.Web", "CloudIEP.Web\CloudIEP.Web.csproj", "{FBDCD469-B71B-49CE-AF60-264D90492B5B}"
EndProject
Project("{E53339B2-1760-4266-BCC7-CA923CBCF16C}") = "docker-compose", "docker-compose.dcproj", "{823B191F-6E3B-4933-90AE-0FCA800EAF52}"
EndProject
Project("{FAE04EC0-301F-11D3-BF4B-00C04F79EFBC}") = "CloudIEP.Data", "CloudIEP.Data\CloudIEP.Data.csproj", "{8DA6F1DB-66E9-4F3C-87C0-C82A5BAF76B2}"
EndProject
Project("{FAE04EC0-301F-11D3-BF4B-00C04F79EFBC}") = "CloudIEP.Data.UnitTests", "CloudIEP.Data.UnitTests\CloudIEP.Data.UnitTests.csproj", "{34E88AC0-3217-43D7-A2CC-564054313BFE}"
EndProject
Global
	GlobalSection(SolutionConfigurationPlatforms) = preSolution
		Debug|Any CPU = Debug|Any CPU
		Release|Any CPU = Release|Any CPU
	EndGlobalSection
	GlobalSection(ProjectConfigurationPlatforms) = postSolution
		{FBDCD469-B71B-49CE-AF60-264D90492B5B}.Debug|Any CPU.ActiveCfg = Debug|Any CPU
		{FBDCD469-B71B-49CE-AF60-264D90492B5B}.Debug|Any CPU.Build.0 = Debug|Any CPU
		{FBDCD469-B71B-49CE-AF60-264D90492B5B}.Release|Any CPU.ActiveCfg = Release|Any CPU
		{FBDCD469-B71B-49CE-AF60-264D90492B5B}.Release|Any CPU.Build.0 = Release|Any CPU
		{823B191F-6E3B-4933-90AE-0FCA800EAF52}.Debug|Any CPU.ActiveCfg = Debug|Any CPU
		{823B191F-6E3B-4933-90AE-0FCA800EAF52}.Debug|Any CPU.Build.0 = Debug|Any CPU
		{823B191F-6E3B-4933-90AE-0FCA800EAF52}.Release|Any CPU.ActiveCfg = Release|Any CPU
		{823B191F-6E3B-4933-90AE-0FCA800EAF52}.Release|Any CPU.Build.0 = Release|Any CPU
		{8DA6F1DB-66E9-4F3C-87C0-C82A5BAF76B2}.Debug|Any CPU.ActiveCfg = Debug|Any CPU
		{8DA6F1DB-66E9-4F3C-87C0-C82A5BAF76B2}.Debug|Any CPU.Build.0 = Debug|Any CPU
		{8DA6F1DB-66E9-4F3C-87C0-C82A5BAF76B2}.Release|Any CPU.ActiveCfg = Release|Any CPU
		{8DA6F1DB-66E9-4F3C-87C0-C82A5BAF76B2}.Release|Any CPU.Build.0 = Release|Any CPU
		{34E88AC0-3217-43D7-A2CC-564054313BFE}.Debug|Any CPU.ActiveCfg = Debug|Any CPU
		{34E88AC0-3217-43D7-A2CC-564054313BFE}.Debug|Any CPU.Build.0 = Debug|Any CPU
		{34E88AC0-3217-43D7-A2CC-564054313BFE}.Release|Any CPU.ActiveCfg = Release|Any CPU
		{34E88AC0-3217-43D7-A2CC-564054313BFE}.Release|Any CPU.Build.0 = Release|Any CPU
	EndGlobalSection
EndGlobal
